<Solution>
  <Project Path="SmartTask.Api/SmartTask.Api.csproj" />
  <Project Path="SmartTask.Application/SmartTask.Application.csproj" />
  <Project Path="SmartTask.Domain/SmartTask.Domain.csproj" />
  <Project Path="SmartTask.Infrastructure/SmartTask.Infrastructure.csproj" />
  <Project Path="SmartTask.Persistence/SmartTask.Persistence.csproj" />
</Solution>
